
Microsoft Visual Studio Solution File, Format Version 12.00
# Visual Studio 15
VisualStudioVersion = 15.0.26430.16
MinimumVisualStudioVersion = 10.0.40219.1
Project("{FAE04EC0-301F-11D3-BF4B-00C04F79EFBC}") = "Week5", "Week5\Week5.csproj", "{DFAC513B-0FA2-4B6B-A8C2-5BC4812EE789}"
EndProject
Global
	GlobalSection(SolutionConfigurationPlatforms) = preSolution
		Debug|Any CPU = Debug|Any CPU
		Release|Any CPU = Release|Any CPU
	EndGlobalSection
	GlobalSection(ProjectConfigurationPlatforms) = postSolution
		{DFAC513B-0FA2-4B6B-A8C2-5BC4812EE789}.Debug|Any CPU.ActiveCfg = Debug|Any CPU
		{DFAC513B-0FA2-4B6B-A8C2-5BC4812EE789}.Debug|Any CPU.Build.0 = Debug|Any CPU
		{DFAC513B-0FA2-4B6B-A8C2-5BC4812EE789}.Release|Any CPU.ActiveCfg = Release|Any CPU
		{DFAC513B-0FA2-4B6B-A8C2-5BC4812EE789}.Release|Any CPU.Build.0 = Release|Any CPU
	EndGlobalSection
	GlobalSection(SolutionProperties) = preSolution
		HideSolutionNode = FALSE
	EndGlobalSection
EndGlobal
