
Microsoft Visual Studio Solution File, Format Version 12.00
# Visual Studio 15
VisualStudioVersion = 15.0.27428.2015
MinimumVisualStudioVersion = 10.0.40219.1
Project("{FAE04EC0-301F-11D3-BF4B-00C04F79EFBC}") = "Week10", "Week10\Week10.csproj", "{6386EAF5-71C0-459E-A37F-98DC84B3F5AF}"
EndProject
Global
	GlobalSection(SolutionConfigurationPlatforms) = preSolution
		Debug|Any CPU = Debug|Any CPU
		Release|Any CPU = Release|Any CPU
	EndGlobalSection
	GlobalSection(ProjectConfigurationPlatforms) = postSolution
		{6386EAF5-71C0-459E-A37F-98DC84B3F5AF}.Debug|Any CPU.ActiveCfg = Debug|Any CPU
		{6386EAF5-71C0-459E-A37F-98DC84B3F5AF}.Debug|Any CPU.Build.0 = Debug|Any CPU
		{6386EAF5-71C0-459E-A37F-98DC84B3F5AF}.Release|Any CPU.ActiveCfg = Release|Any CPU
		{6386EAF5-71C0-459E-A37F-98DC84B3F5AF}.Release|Any CPU.Build.0 = Release|Any CPU
	EndGlobalSection
	GlobalSection(SolutionProperties) = preSolution
		HideSolutionNode = FALSE
	EndGlobalSection
	GlobalSection(ExtensibilityGlobals) = postSolution
		SolutionGuid = {A7C4E7D9-8B9D-4B51-AE25-06DC4D7C5CAC}
	EndGlobalSection
EndGlobal
