
Microsoft Visual Studio Solution File, Format Version 12.00
# Visual Studio 15
VisualStudioVersion = 15.0.27004.2006
MinimumVisualStudioVersion = 10.0.40219.1
Project("{FAE04EC0-301F-11D3-BF4B-00C04F79EFBC}") = "WebApplication27", "WebApplication27\WebApplication27.csproj", "{5FDFF34E-0E91-4C4B-92EF-64C7D9E426CD}"
EndProject
Global
	GlobalSection(SolutionConfigurationPlatforms) = preSolution
		Debug|Any CPU = Debug|Any CPU
		Release|Any CPU = Release|Any CPU
	EndGlobalSection
	GlobalSection(ProjectConfigurationPlatforms) = postSolution
		{5FDFF34E-0E91-4C4B-92EF-64C7D9E426CD}.Debug|Any CPU.ActiveCfg = Debug|Any CPU
		{5FDFF34E-0E91-4C4B-92EF-64C7D9E426CD}.Debug|Any CPU.Build.0 = Debug|Any CPU
		{5FDFF34E-0E91-4C4B-92EF-64C7D9E426CD}.Release|Any CPU.ActiveCfg = Release|Any CPU
		{5FDFF34E-0E91-4C4B-92EF-64C7D9E426CD}.Release|Any CPU.Build.0 = Release|Any CPU
	EndGlobalSection
	GlobalSection(SolutionProperties) = preSolution
		HideSolutionNode = FALSE
	EndGlobalSection
	GlobalSection(ExtensibilityGlobals) = postSolution
		SolutionGuid = {A0D4E0D2-0327-41CB-8813-26C2B82F82C9}
	EndGlobalSection
EndGlobal
